
Microsoft Visual Studio Solution File, Format Version 12.00
# Visual Studio Version 16
VisualStudioVersion = 16.0.30011.22
MinimumVisualStudioVersion = 10.0.40219.1
Project("{FAE04EC0-301F-11D3-BF4B-00C04F79EFBC}") = "ConsolePlayground", "ConsolePlayground\ConsolePlayground.csproj", "{8D8DB92B-5721-4DCF-A52B-BFC79EE8350F}"
EndProject
Project("{FAE04EC0-301F-11D3-BF4B-00C04F79EFBC}") = "FantasyWorldGenerator", "FantasyWorldGenerator\FantasyWorldGenerator.csproj", "{362DD337-7102-4B84-96AC-63091C7981B8}"
EndProject
Global
	GlobalSection(SolutionConfigurationPlatforms) = preSolution
		Debug|Any CPU = Debug|Any CPU
		Release|Any CPU = Release|Any CPU
	EndGlobalSection
	GlobalSection(ProjectConfigurationPlatforms) = postSolution
		{8D8DB92B-5721-4DCF-A52B-BFC79EE8350F}.Debug|Any CPU.ActiveCfg = Debug|Any CPU
		{8D8DB92B-5721-4DCF-A52B-BFC79EE8350F}.Debug|Any CPU.Build.0 = Debug|Any CPU
		{8D8DB92B-5721-4DCF-A52B-BFC79EE8350F}.Release|Any CPU.ActiveCfg = Release|Any CPU
		{8D8DB92B-5721-4DCF-A52B-BFC79EE8350F}.Release|Any CPU.Build.0 = Release|Any CPU
		{362DD337-7102-4B84-96AC-63091C7981B8}.Debug|Any CPU.ActiveCfg = Debug|Any CPU
		{362DD337-7102-4B84-96AC-63091C7981B8}.Debug|Any CPU.Build.0 = Debug|Any CPU
		{362DD337-7102-4B84-96AC-63091C7981B8}.Release|Any CPU.ActiveCfg = Release|Any CPU
		{362DD337-7102-4B84-96AC-63091C7981B8}.Release|Any CPU.Build.0 = Release|Any CPU
	EndGlobalSection
	GlobalSection(SolutionProperties) = preSolution
		HideSolutionNode = FALSE
	EndGlobalSection
	GlobalSection(ExtensibilityGlobals) = postSolution
		SolutionGuid = {9189A5DB-D1A2-49CB-9D2C-B20CBDE37E4F}
	EndGlobalSection
EndGlobal
